github.com/JessonChan/canlog v0.0.0-20200304145432-b1013a9ba390 h1:ownmwuTk68I4lwaMZ8y3CuXjp9QesuTL+OhSN5tRATo=
github.com/JessonChan/canlog v0.0.0-20200304145432-b1013a9ba390/go.mod h1:HqRDLcyEKVzIBznqSOmJjnaF+gHsOFBKA7iaTID4fXA=
github.com/JessonChan/jsun v0.0.0-20200206041800-028ef18516bd h1:cSaQMcv6bYdcVhFBXLiohVbumMTenXZwXLONb/axwio=
github.com/JessonChan/jsun v0.0.0-20200206041800-028ef18516bd/go.mod h1:OK2/qpG2dVcQtCwB2KXhwGMbbIv+8TR85n1NKveRh9Y=
