github.com/JessonChan/canlog v0.0.0-20200221095522-31177b1ce6c0 h1:KN9h7S7XTdWdDSsI0YpuTQcquAE7BEX57cMR0gY1Chc=
github.com/JessonChan/canlog v0.0.0-20200221095522-31177b1ce6c0/go.mod h1:HqRDLcyEKVzIBznqSOmJjnaF+gHsOFBKA7iaTID4fXA=
github.com/JessonChan/jsun v0.0.0-20200206041800-028ef18516bd h1:cSaQMcv6bYdcVhFBXLiohVbumMTenXZwXLONb/axwio=
github.com/JessonChan/jsun v0.0.0-20200206041800-028ef18516bd/go.mod h1:OK2/qpG2dVcQtCwB2KXhwGMbbIv+8TR85n1NKveRh9Y=
